
Microsoft Visual Studio Solution File, Format Version 12.00
# Visual Studio 15
VisualStudioVersion = 15.0.28307.168
MinimumVisualStudioVersion = 10.0.40219.1
Project("{FAE04EC0-301F-11D3-BF4B-00C04F79EFBC}") = "DependencyCore", "DependencyCore\DependencyCore.csproj", "{FEDC551C-A4C1-42AB-83CD-E85F64EB2208}"
EndProject
Global
	GlobalSection(SolutionConfigurationPlatforms) = preSolution
		Debug|Any CPU = Debug|Any CPU
		Release|Any CPU = Release|Any CPU
	EndGlobalSection
	GlobalSection(ProjectConfigurationPlatforms) = postSolution
		{FEDC551C-A4C1-42AB-83CD-E85F64EB2208}.Debug|Any CPU.ActiveCfg = Debug|Any CPU
		{FEDC551C-A4C1-42AB-83CD-E85F64EB2208}.Debug|Any CPU.Build.0 = Debug|Any CPU
		{FEDC551C-A4C1-42AB-83CD-E85F64EB2208}.Release|Any CPU.ActiveCfg = Release|Any CPU
		{FEDC551C-A4C1-42AB-83CD-E85F64EB2208}.Release|Any CPU.Build.0 = Release|Any CPU
	EndGlobalSection
	GlobalSection(SolutionProperties) = preSolution
		HideSolutionNode = FALSE
	EndGlobalSection
	GlobalSection(ExtensibilityGlobals) = postSolution
		SolutionGuid = {5C6FAA19-8290-4C61-AACE-39A4AF4A91F4}
	EndGlobalSection
EndGlobal
