
Microsoft Visual Studio Solution File, Format Version 12.00
# Visual Studio 15
VisualStudioVersion = 15.0.28307.168
MinimumVisualStudioVersion = 10.0.40219.1
Project("{FAE04EC0-301F-11D3-BF4B-00C04F79EFBC}") = "IntroducaoCoreLogin", "IntroducaoCoreLogin\IntroducaoCoreLogin.csproj", "{5DDB668F-6754-411E-A8E4-B83E7AAC787C}"
EndProject
Global
	GlobalSection(SolutionConfigurationPlatforms) = preSolution
		Debug|Any CPU = Debug|Any CPU
		Release|Any CPU = Release|Any CPU
	EndGlobalSection
	GlobalSection(ProjectConfigurationPlatforms) = postSolution
		{5DDB668F-6754-411E-A8E4-B83E7AAC787C}.Debug|Any CPU.ActiveCfg = Debug|Any CPU
		{5DDB668F-6754-411E-A8E4-B83E7AAC787C}.Debug|Any CPU.Build.0 = Debug|Any CPU
		{5DDB668F-6754-411E-A8E4-B83E7AAC787C}.Release|Any CPU.ActiveCfg = Release|Any CPU
		{5DDB668F-6754-411E-A8E4-B83E7AAC787C}.Release|Any CPU.Build.0 = Release|Any CPU
	EndGlobalSection
	GlobalSection(SolutionProperties) = preSolution
		HideSolutionNode = FALSE
	EndGlobalSection
	GlobalSection(ExtensibilityGlobals) = postSolution
		SolutionGuid = {62F35FAE-8457-4B32-89DE-D04811AB65BC}
	EndGlobalSection
EndGlobal
